// !$*UTF8*$!
{
	archiveVersion = 1;
	classes = {
	};
	objectVersion = 46;
	objects = {

/* Begin PBXBuildFile section */
		4D06F64D1A18B5A500B725C6 /* we-are-yeah@2x.png in Resources */ = {isa = PBXBuildFile; fileRef = 4D06F64C1A18B5A500B725C6 /* we-are-yeah@2x.png */; };
		4D06F6511A18BBE000B725C6 /* WAYSourceListWindow.m in Sources */ = {isa = PBXBuildFile; fileRef = 4D06F6501A18BBE000B725C6 /* WAYSourceListWindow.m */; };
		4DF97B101A189CC200351BC9 /* AppDelegate.m in Sources */ = {isa = PBXBuildFile; fileRef = 4DF97B0F1A189CC200351BC9 /* AppDelegate.m */; };
		4DF97B121A189CC200351BC9 /* main.m in Sources */ = {isa = PBXBuildFile; fileRef = 4DF97B111A189CC200351BC9 /* main.m */; };
		4DF97B171A189CC200351BC9 /* MainMenu.xib in Resources */ = {isa = PBXBuildFile; fileRef = 4DF97B151A189CC200351BC9 /* MainMenu.xib */; };
/* End PBXBuildFile section */

/* Begin PBXFileReference section */
		4D06F64C1A18B5A500B725C6 /* we-are-yeah@2x.png */ = {isa = PBXFileReference; lastKnownFileType = image.png; path = "we-are-yeah@2x.png"; sourceTree = "<group>"; };
		4D06F64F1A18BBE000B725C6 /* WAYSourceListWindow.h */ = {isa = PBXFileReference; fileEncoding = 4; lastKnownFileType = sourcecode.c.h; path = WAYSourceListWindow.h; sourceTree = "<group>"; };
		4D06F6501A18BBE000B725C6 /* WAYSourceListWindow.m */ = {isa = PBXFileReference; fileEncoding = 4; lastKnownFileType = sourcecode.c.objc; path = WAYSourceListWindow.m; sourceTree = "<group>"; };
		4DF97B091A189CC200351BC9 /* WAYSourceListWindowDemo.app */ = {isa = PBXFileReference; explicitFileType = wrapper.application; includeInIndex = 0; path = WAYSourceListWindowDemo.app; sourceTree = BUILT_PRODUCTS_DIR; };
		4DF97B0D1A189CC200351BC9 /* Info.plist */ = {isa = PBXFileReference; lastKnownFileType = text.plist.xml; path = Info.plist; sourceTree = "<group>"; };
		4DF97B0E1A189CC200351BC9 /* AppDelegate.h */ = {isa = PBXFileReference; lastKnownFileType = sourcecode.objj.h; path = AppDelegate.h; sourceTree = "<group>"; };
		4DF97B0F1A189CC200351BC9 /* AppDelegate.m */ = {isa = PBXFileReference; lastKnownFileType = sourcecode.c.objc; path = AppDelegate.m; sourceTree = "<group>"; };
		4DF97B111A189CC200351BC9 /* main.m */ = {isa = PBXFileReference; lastKnownFileType = sourcecode.c.objc; path = main.m; sourceTree = "<group>"; };
		4DF97B161A189CC200351BC9 /* Base */ = {isa = PBXFileReference; lastKnownFileType = file.xib; name = Base; path = Base.lproj/MainMenu.xib; sourceTree = "<group>"; };
/* End PBXFileReference section */

/* Begin PBXFrameworksBuildPhase section */
		4DF97B061A189CC200351BC9 /* Frameworks */ = {
			isa = PBXFrameworksBuildPhase;
			buildActionMask = 2147483647;
			files = (
			);
			runOnlyForDeploymentPostprocessing = 0;
		};
/* End PBXFrameworksBuildPhase section */

/* Begin PBXGroup section */
		4D06F64E1A18BBE000B725C6 /* WAYSourceListWindow */ = {
			isa = PBXGroup;
			children = (
				4D06F64F1A18BBE000B725C6 /* WAYSourceListWindow.h */,
				4D06F6501A18BBE000B725C6 /* WAYSourceListWindow.m */,
			);
			path = WAYSourceListWindow;
			sourceTree = "<group>";
		};
		4DF97B001A189CC200351BC9 = {
			isa = PBXGroup;
			children = (
				4D06F64E1A18BBE000B725C6 /* WAYSourceListWindow */,
				4DF97B0B1A189CC200351BC9 /* WAYSourceListWindow */,
				4DF97B0A1A189CC200351BC9 /* Products */,
			);
			sourceTree = "<group>";
		};
		4DF97B0A1A189CC200351BC9 /* Products */ = {
			isa = PBXGroup;
			children = (
				4DF97B091A189CC200351BC9 /* WAYSourceListWindowDemo.app */,
			);
			name = Products;
			sourceTree = "<group>";
		};
		4DF97B0B1A189CC200351BC9 /* WAYSourceListWindow */ = {
			isa = PBXGroup;
			children = (
				4DF97B0E1A189CC200351BC9 /* AppDelegate.h */,
				4DF97B0F1A189CC200351BC9 /* AppDelegate.m */,
				4D06F64C1A18B5A500B725C6 /* we-are-yeah@2x.png */,
				4DF97B151A189CC200351BC9 /* MainMenu.xib */,
				4DF97B0C1A189CC200351BC9 /* Supporting Files */,
			);
			name = WAYSourceListWindow;
			path = WAYSourceListWindowDemo;
			sourceTree = "<group>";
		};
		4DF97B0C1A189CC200351BC9 /* Supporting Files */ = {
			isa = PBXGroup;
			children = (
				4DF97B0D1A189CC200351BC9 /* Info.plist */,
				4DF97B111A189CC200351BC9 /* main.m */,
			);
			name = "Supporting Files";
			sourceTree = "<group>";
		};
/* End PBXGroup section */

/* Begin PBXNativeTarget section */
		4DF97B081A189CC200351BC9 /* WAYSourceListWindowDemo */ = {
			isa = PBXNativeTarget;
			buildConfigurationList = 4DF97B261A189CC200351BC9 /* Build configuration list for PBXNativeTarget "WAYSourceListWindowDemo" */;
			buildPhases = (
				4DF97B051A189CC200351BC9 /* Sources */,
				4DF97B061A189CC200351BC9 /* Frameworks */,
				4DF97B071A189CC200351BC9 /* Resources */,
			);
			buildRules = (
			);
			dependencies = (
			);
			name = WAYSourceListWindowDemo;
			productName = WAYSourceListWindow;
			productReference = 4DF97B091A189CC200351BC9 /* WAYSourceListWindowDemo.app */;
			productType = "com.apple.product-type.application";
		};
/* End PBXNativeTarget section */

/* Begin PBXProject section */
		4DF97B011A189CC200351BC9 /* Project object */ = {
			isa = PBXProject;
			attributes = {
				LastUpgradeCheck = 0610;
				ORGANIZATIONNAME = "We Are Yeah!";
				TargetAttributes = {
					4DF97B081A189CC200351BC9 = {
						CreatedOnToolsVersion = 6.1;
					};
				};
			};
			buildConfigurationList = 4DF97B041A189CC200351BC9 /* Build configuration list for PBXProject "WAYSourceListWindowDemo" */;
			compatibilityVersion = "Xcode 3.2";
			developmentRegion = English;
			hasScannedForEncodings = 0;
			knownRegions = (
				en,
				Base,
			);
			mainGroup = 4DF97B001A189CC200351BC9;
			productRefGroup = 4DF97B0A1A189CC200351BC9 /* Products */;
			projectDirPath = "";
			projectRoot = "";
			targets = (
				4DF97B081A189CC200351BC9 /* WAYSourceListWindowDemo */,
			);
		};
/* End PBXProject section */

/* Begin PBXResourcesBuildPhase section */
		4DF97B071A189CC200351BC9 /* Resources */ = {
			isa = PBXResourcesBuildPhase;
			buildActionMask = 2147483647;
			files = (
				4D06F64D1A18B5A500B725C6 /* we-are-yeah@2x.png in Resources */,
				4DF97B171A189CC200351BC9 /* MainMenu.xib in Resources */,
			);
			runOnlyForDeploymentPostprocessing = 0;
		};
/* End PBXResourcesBuildPhase section */

/* Begin PBXSourcesBuildPhase section */
		4DF97B051A189CC200351BC9 /* Sources */ = {
			isa = PBXSourcesBuildPhase;
			buildActionMask = 2147483647;
			files = (
				4DF97B121A189CC200351BC9 /* main.m in Sources */,
				4DF97B101A189CC200351BC9 /* AppDelegate.m in Sources */,
				4D06F6511A18BBE000B725C6 /* WAYSourceListWindow.m in Sources */,
			);
			runOnlyForDeploymentPostprocessing = 0;
		};
/* End PBXSourcesBuildPhase section */

/* Begin PBXVariantGroup section */
		4DF97B151A189CC200351BC9 /* MainMenu.xib */ = {
			isa = PBXVariantGroup;
			children = (
				4DF97B161A189CC200351BC9 /* Base */,
			);
			name = MainMenu.xib;
			sourceTree = "<group>";
		};
/* End PBXVariantGroup section */

/* Begin XCBuildConfiguration section */
		4DF97B241A189CC200351BC9 /* Debug */ = {
			isa = XCBuildConfiguration;
			buildSettings = {
				ALWAYS_SEARCH_USER_PATHS = NO;
				CLANG_CXX_LANGUAGE_STANDARD = "gnu++0x";
				CLANG_CXX_LIBRARY = "libc++";
				CLANG_ENABLE_MODULES = YES;
				CLANG_ENABLE_OBJC_ARC = YES;
				CLANG_WARN_BOOL_CONVERSION = YES;
				CLANG_WARN_CONSTANT_CONVERSION = YES;
				CLANG_WARN_DIRECT_OBJC_ISA_USAGE = YES_ERROR;
				CLANG_WARN_EMPTY_BODY = YES;
				CLANG_WARN_ENUM_CONVERSION = YES;
				CLANG_WARN_INT_CONVERSION = YES;
				CLANG_WARN_OBJC_ROOT_CLASS = YES_ERROR;
				CLANG_WARN_UNREACHABLE_CODE = YES;
				CLANG_WARN__DUPLICATE_METHOD_MATCH = YES;
				CODE_SIGN_IDENTITY = "-";
				COPY_PHASE_STRIP = NO;
				ENABLE_STRICT_OBJC_MSGSEND = YES;
				GCC_C_LANGUAGE_STANDARD = gnu99;
				GCC_DYNAMIC_NO_PIC = NO;
				GCC_OPTIMIZATION_LEVEL = 0;
				GCC_PREPROCESSOR_DEFINITIONS = (
					"DEBUG=1",
					"$(inherited)",
				);
				GCC_SYMBOLS_PRIVATE_EXTERN = NO;
				GCC_WARN_64_TO_32_BIT_CONVERSION = YES;
				GCC_WARN_ABOUT_RETURN_TYPE = YES_ERROR;
				GCC_WARN_UNDECLARED_SELECTOR = YES;
				GCC_WARN_UNINITIALIZED_AUTOS = YES_AGGRESSIVE;
				GCC_WARN_UNUSED_FUNCTION = YES;
				GCC_WARN_UNUSED_VARIABLE = YES;
				MACOSX_DEPLOYMENT_TARGET = 10.10;
				MTL_ENABLE_DEBUG_INFO = YES;
				ONLY_ACTIVE_ARCH = YES;
				SDKROOT = macosx;
			};
			name = Debug;
		};
		4DF97B251A189CC200351BC9 /* Release */ = {
			isa = XCBuildConfiguration;
			buildSettings = {
				ALWAYS_SEARCH_USER_PATHS = NO;
				CLANG_CXX_LANGUAGE_STANDARD = "gnu++0x";
				CLANG_CXX_LIBRARY = "libc++";
				CLANG_ENABLE_MODULES = YES;
				CLANG_ENABLE_OBJC_ARC = YES;
				CLANG_WARN_BOOL_CONVERSION = YES;
				CLANG_WARN_CONSTANT_CONVERSION = YES;
				CLANG_WARN_DIRECT_OBJC_ISA_USAGE = YES_ERROR;
				CLANG_WARN_EMPTY_BODY = YES;
				CLANG_WARN_ENUM_CONVERSION = YES;
				CLANG_WARN_INT_CONVERSION = YES;
				CLANG_WARN_OBJC_ROOT_CLASS = YES_ERROR;
				CLANG_WARN_UNREACHABLE_CODE = YES;
				CLANG_WARN__DUPLICATE_METHOD_MATCH = YES;
				CODE_SIGN_IDENTITY = "-";
				COPY_PHASE_STRIP = YES;
				DEBUG_INFORMATION_FORMAT = "dwarf-with-dsym";
				ENABLE_NS_ASSERTIONS = NO;
				ENABLE_STRICT_OBJC_MSGSEND = YES;
				GCC_C_LANGUAGE_STANDARD = gnu99;
				GCC_WARN_64_TO_32_BIT_CONVERSION = YES;
				GCC_WARN_ABOUT_RETURN_TYPE = YES_ERROR;
				GCC_WARN_UNDECLARED_SELECTOR = YES;
				GCC_WARN_UNINITIALIZED_AUTOS = YES_AGGRESSIVE;
				GCC_WARN_UNUSED_FUNCTION = YES;
				GCC_WARN_UNUSED_VARIABLE = YES;
				MACOSX_DEPLOYMENT_TARGET = 10.10;
				MTL_ENABLE_DEBUG_INFO = NO;
				SDKROOT = macosx;
			};
			name = Release;
		};
		4DF97B271A189CC200351BC9 /* Debug */ = {
			isa = XCBuildConfiguration;
			buildSettings = {
				ASSETCATALOG_COMPILER_APPICON_NAME = AppIcon;
				COMBINE_HIDPI_IMAGES = YES;
				INFOPLIST_FILE = "$(SRCROOT)/WAYSourceListWindowDemo/Info.plist";
				LD_RUNPATH_SEARCH_PATHS = "$(inherited) @executable_path/../Frameworks";
				MACOSX_DEPLOYMENT_TARGET = 10.10;
				PRODUCT_NAME = WAYSourceListWindowDemo;
			};
			name = Debug;
		};
		4DF97B281A189CC200351BC9 /* Release */ = {
			isa = XCBuildConfiguration;
			buildSettings = {
				ASSETCATALOG_COMPILER_APPICON_NAME = AppIcon;
				COMBINE_HIDPI_IMAGES = YES;
				INFOPLIST_FILE = "$(SRCROOT)/WAYSourceListWindowDemo/Info.plist";
				LD_RUNPATH_SEARCH_PATHS = "$(inherited) @executable_path/../Frameworks";
				MACOSX_DEPLOYMENT_TARGET = 10.10;
				PRODUCT_NAME = WAYSourceListWindowDemo;
			};
			name = Release;
		};
/* End XCBuildConfiguration section */

/* Begin XCConfigurationList section */
		4DF97B041A189CC200351BC9 /* Build configuration list for PBXProject "WAYSourceListWindowDemo" */ = {
			isa = XCConfigurationList;
			buildConfigurations = (
				4DF97B241A189CC200351BC9 /* Debug */,
				4DF97B251A189CC200351BC9 /* Release */,
			);
			defaultConfigurationIsVisible = 0;
			defaultConfigurationName = Release;
		};
		4DF97B261A189CC200351BC9 /* Build configuration list for PBXNativeTarget "WAYSourceListWindowDemo" */ = {
			isa = XCConfigurationList;
			buildConfigurations = (
				4DF97B271A189CC200351BC9 /* Debug */,
				4DF97B281A189CC200351BC9 /* Release */,
			);
			defaultConfigurationIsVisible = 0;
			defaultConfigurationName = Release;
		};
/* End XCConfigurationList section */
	};
	rootObject = 4DF97B011A189CC200351BC9 /* Project object */;
}
